
Microsoft Visual Studio Solution File, Format Version 12.00
# Visual Studio Version 17
VisualStudioVersion = 17.3.32804.467
MinimumVisualStudioVersion = 10.0.40219.1
Project("{FAE04EC0-301F-11D3-BF4B-00C04F79EFBC}") = "OOP004", "OOP004\OOP004.csproj", "{0E199E71-BDBA-43F0-BBD2-D58F58E0B2F7}"
EndProject
Global
	GlobalSection(SolutionConfigurationPlatforms) = preSolution
		Debug|Any CPU = Debug|Any CPU
		Release|Any CPU = Release|Any CPU
	EndGlobalSection
	GlobalSection(ProjectConfigurationPlatforms) = postSolution
		{0E199E71-BDBA-43F0-BBD2-D58F58E0B2F7}.Debug|Any CPU.ActiveCfg = Debug|Any CPU
		{0E199E71-BDBA-43F0-BBD2-D58F58E0B2F7}.Debug|Any CPU.Build.0 = Debug|Any CPU
		{0E199E71-BDBA-43F0-BBD2-D58F58E0B2F7}.Release|Any CPU.ActiveCfg = Release|Any CPU
		{0E199E71-BDBA-43F0-BBD2-D58F58E0B2F7}.Release|Any CPU.Build.0 = Release|Any CPU
	EndGlobalSection
	GlobalSection(SolutionProperties) = preSolution
		HideSolutionNode = FALSE
	EndGlobalSection
	GlobalSection(ExtensibilityGlobals) = postSolution
		SolutionGuid = {F644D11D-F82E-4E44-9B98-FB4809206064}
	EndGlobalSection
EndGlobal
